
Microsoft Visual Studio Solution File, Format Version 12.00
# Visual Studio Version 16
VisualStudioVersion = 16.0.29613.14
MinimumVisualStudioVersion = 10.0.40219.1
Project("{9A19103F-16F7-4668-BE54-9A1E7A4F7556}") = "Domain", "Domain\Domain.csproj", "{A8F51E4E-BAAF-4785-90D6-BF64A3C84029}"
EndProject
Project("{9A19103F-16F7-4668-BE54-9A1E7A4F7556}") = "Infra", "Infra\Infra.csproj", "{8AC10AA2-716E-4ADF-AC86-463AFF754FFF}"
EndProject
Project("{9A19103F-16F7-4668-BE54-9A1E7A4F7556}") = "Application", "Application\Application.csproj", "{1BDCC8B5-2894-4E8D-B543-EC8B5EB615F7}"
EndProject
Project("{9A19103F-16F7-4668-BE54-9A1E7A4F7556}") = "DDD.Web", "DDD.Web\DDD.Web.csproj", "{F34A8D74-D5C0-4BED-BCD7-673FD61E0AA4}"
EndProject
Project("{FAE04EC0-301F-11D3-BF4B-00C04F79EFBC}") = "WebAPI", "WebAPI\WebAPI.csproj", "{169B73FC-09AD-45CC-B1E3-98EC09CC80A1}"
EndProject
Global
	GlobalSection(SolutionConfigurationPlatforms) = preSolution
		Debug|Any CPU = Debug|Any CPU
		Release|Any CPU = Release|Any CPU
	EndGlobalSection
	GlobalSection(ProjectConfigurationPlatforms) = postSolution
		{A8F51E4E-BAAF-4785-90D6-BF64A3C84029}.Debug|Any CPU.ActiveCfg = Debug|Any CPU
		{A8F51E4E-BAAF-4785-90D6-BF64A3C84029}.Debug|Any CPU.Build.0 = Debug|Any CPU
		{A8F51E4E-BAAF-4785-90D6-BF64A3C84029}.Release|Any CPU.ActiveCfg = Release|Any CPU
		{A8F51E4E-BAAF-4785-90D6-BF64A3C84029}.Release|Any CPU.Build.0 = Release|Any CPU
		{8AC10AA2-716E-4ADF-AC86-463AFF754FFF}.Debug|Any CPU.ActiveCfg = Debug|Any CPU
		{8AC10AA2-716E-4ADF-AC86-463AFF754FFF}.Debug|Any CPU.Build.0 = Debug|Any CPU
		{8AC10AA2-716E-4ADF-AC86-463AFF754FFF}.Release|Any CPU.ActiveCfg = Release|Any CPU
		{8AC10AA2-716E-4ADF-AC86-463AFF754FFF}.Release|Any CPU.Build.0 = Release|Any CPU
		{1BDCC8B5-2894-4E8D-B543-EC8B5EB615F7}.Debug|Any CPU.ActiveCfg = Debug|Any CPU
		{1BDCC8B5-2894-4E8D-B543-EC8B5EB615F7}.Debug|Any CPU.Build.0 = Debug|Any CPU
		{1BDCC8B5-2894-4E8D-B543-EC8B5EB615F7}.Release|Any CPU.ActiveCfg = Release|Any CPU
		{1BDCC8B5-2894-4E8D-B543-EC8B5EB615F7}.Release|Any CPU.Build.0 = Release|Any CPU
		{F34A8D74-D5C0-4BED-BCD7-673FD61E0AA4}.Debug|Any CPU.ActiveCfg = Debug|Any CPU
		{F34A8D74-D5C0-4BED-BCD7-673FD61E0AA4}.Debug|Any CPU.Build.0 = Debug|Any CPU
		{F34A8D74-D5C0-4BED-BCD7-673FD61E0AA4}.Release|Any CPU.ActiveCfg = Release|Any CPU
		{F34A8D74-D5C0-4BED-BCD7-673FD61E0AA4}.Release|Any CPU.Build.0 = Release|Any CPU
		{169B73FC-09AD-45CC-B1E3-98EC09CC80A1}.Debug|Any CPU.ActiveCfg = Debug|Any CPU
		{169B73FC-09AD-45CC-B1E3-98EC09CC80A1}.Debug|Any CPU.Build.0 = Debug|Any CPU
		{169B73FC-09AD-45CC-B1E3-98EC09CC80A1}.Release|Any CPU.ActiveCfg = Release|Any CPU
		{169B73FC-09AD-45CC-B1E3-98EC09CC80A1}.Release|Any CPU.Build.0 = Release|Any CPU
	EndGlobalSection
	GlobalSection(SolutionProperties) = preSolution
		HideSolutionNode = FALSE
	EndGlobalSection
	GlobalSection(ExtensibilityGlobals) = postSolution
		SolutionGuid = {B387D4D3-6EF2-4BFC-89A7-9EF0F23A53E0}
	EndGlobalSection
EndGlobal
